// !$*UTF8*$!
{
	archiveVersion = 1;
	classes = {
	};
	objectVersion = 55;
	objects = {

/* Begin PBXBuildFile section */
		A40ADC4927697F4E00E2ECA7 /* Application.swift in Sources */ = {isa = PBXBuildFile; fileRef = A40ADC4827697F4E00E2ECA7 /* Application.swift */; };
		A411648B2767456300690C54 /* AppDelegate.swift in Sources */ = {isa = PBXBuildFile; fileRef = A411648A2767456300690C54 /* AppDelegate.swift */; };
		A41164942767456500690C54 /* Assets.xcassets in Resources */ = {isa = PBXBuildFile; fileRef = A41164932767456500690C54 /* Assets.xcassets */; };
		A41659CA276898C100F8AAB6 /* MainTabBarController.swift in Sources */ = {isa = PBXBuildFile; fileRef = A41659C9276898C100F8AAB6 /* MainTabBarController.swift */; };
		A428FACA2774C22A00944E74 /* AccountViewController.swift in Sources */ = {isa = PBXBuildFile; fileRef = A428FAC92774C22A00944E74 /* AccountViewController.swift */; };
		A428FACB2774C22F00944E74 /* MeViewController.swift in Sources */ = {isa = PBXBuildFile; fileRef = A4A34B99276A013B0063DAC2 /* MeViewController.swift */; };
		A428FACC2774C23200944E74 /* DiscoverViewController.swift in Sources */ = {isa = PBXBuildFile; fileRef = A4A34B96276A00E40063DAC2 /* DiscoverViewController.swift */; };
		A428FACD2774C23400944E74 /* ContactsViewController.swift in Sources */ = {isa = PBXBuildFile; fileRef = A4A34B93276A00BD0063DAC2 /* ContactsViewController.swift */; };
		A428FACE2774C23700944E74 /* ChatRoomViewController.swift in Sources */ = {isa = PBXBuildFile; fileRef = A4A34B90276A00A20063DAC2 /* ChatRoomViewController.swift */; };
		A428FACF2774C23900944E74 /* ChatSessionViewController.swift in Sources */ = {isa = PBXBuildFile; fileRef = A4A34B6B2769FFCA0063DAC2 /* ChatSessionViewController.swift */; };
		A428FAD02774C26C00944E74 /* WeChatWindow.swift in Sources */ = {isa = PBXBuildFile; fileRef = A43B3BA42769C9AA0025B150 /* WeChatWindow.swift */; };
		A428FAD12774C2A500944E74 /* ObservableType+Reachability.swift in Sources */ = {isa = PBXBuildFile; fileRef = A41164A9276835CB00690C54 /* ObservableType+Reachability.swift */; };
		A428FAD22774C2A700944E74 /* Reachability+Rx.swift in Sources */ = {isa = PBXBuildFile; fileRef = A41164AB276835EC00690C54 /* Reachability+Rx.swift */; };
		A428FAD32774C2C100944E74 /* String+Extensions.swift in Sources */ = {isa = PBXBuildFile; fileRef = A4DB7014276B5D9D00C8FC62 /* String+Extensions.swift */; };
		A428FAD42774C2C500944E74 /* NSObject+Rx.swift in Sources */ = {isa = PBXBuildFile; fileRef = A43B1DC827686756002456EC /* NSObject+Rx.swift */; };
		A428FAD52774C2C700944E74 /* HasDisposeBag.swift in Sources */ = {isa = PBXBuildFile; fileRef = A43B1DCA27686779002456EC /* HasDisposeBag.swift */; };
		A428FAD62774C2C900944E74 /* Then.swift in Sources */ = {isa = PBXBuildFile; fileRef = A43B1DBE2768644F002456EC /* Then.swift */; };
		A428FAD72774C2CB00944E74 /* WeChatCompatible.swift in Sources */ = {isa = PBXBuildFile; fileRef = A41659C32768973100F8AAB6 /* WeChatCompatible.swift */; };
		A428FAD82774C2F300944E74 /* ViewController.swift in Sources */ = {isa = PBXBuildFile; fileRef = A41659C72768981500F8AAB6 /* ViewController.swift */; };
		A428FAD92774C2F500944E74 /* ViewModelType.swift in Sources */ = {isa = PBXBuildFile; fileRef = A40ADC4B2769822C00E2ECA7 /* ViewModelType.swift */; };
		A428FADA2774C2F700944E74 /* NavigationController.swift in Sources */ = {isa = PBXBuildFile; fileRef = A41659CB27689B2D00F8AAB6 /* NavigationController.swift */; };
		A428FADB2774C2F900944E74 /* DispatchResult.swift in Sources */ = {isa = PBXBuildFile; fileRef = A43B3B3B27699E5D0025B150 /* DispatchResult.swift */; };
		A428FADF2774C33E00944E74 /* EmoticonViewController.swift in Sources */ = {isa = PBXBuildFile; fileRef = A428FADE2774C33E00944E74 /* EmoticonViewController.swift */; };
		A428FAE12774C36000944E74 /* Logger.swift in Sources */ = {isa = PBXBuildFile; fileRef = A428FAE02774C36000944E74 /* Logger.swift */; };
		A428FAE32774C37300944E74 /* SearchViewController.swift in Sources */ = {isa = PBXBuildFile; fileRef = A428FAE22774C37300944E74 /* SearchViewController.swift */; };
		A428FAE42774C42C00944E74 /* ChatSession.swift in Sources */ = {isa = PBXBuildFile; fileRef = A43B3BA12769C49E0025B150 /* ChatSession.swift */; };
		A428FAE52774C43000944E74 /* Response+ObjectMapper.swift in Sources */ = {isa = PBXBuildFile; fileRef = A43B1DC1276865B7002456EC /* Response+ObjectMapper.swift */; };
		A428FAE62774C43200944E74 /* Single+ObjectMapper.swift in Sources */ = {isa = PBXBuildFile; fileRef = A43B1DC32768661D002456EC /* Single+ObjectMapper.swift */; };
		A428FAE72774C43500944E74 /* ObservableType+ObjectMapper.swift in Sources */ = {isa = PBXBuildFile; fileRef = A43B1DC527686635002456EC /* ObservableType+ObjectMapper.swift */; };
		A428FAE92774C44900944E74 /* AssetManager.swift in Sources */ = {isa = PBXBuildFile; fileRef = A428FAE82774C44900944E74 /* AssetManager.swift */; };
		A428FAEB2774C53B00944E74 /* ApplicationContext.swift in Sources */ = {isa = PBXBuildFile; fileRef = A428FAEA2774C53B00944E74 /* ApplicationContext.swift */; };
		A428FAEC2774C93800944E74 /* Tenon.swift in Sources */ = {isa = PBXBuildFile; fileRef = A43B1DCC276868E6002456EC /* Tenon.swift */; };
		A428FAED2774C93B00944E74 /* Router.swift in Sources */ = {isa = PBXBuildFile; fileRef = A43B3B3727699DFD0025B150 /* Router.swift */; };
		A428FAEE2774C93E00944E74 /* RouterTenon.swift in Sources */ = {isa = PBXBuildFile; fileRef = A43B3B5027699F6B0025B150 /* RouterTenon.swift */; };
		A428FAEF2774C94000944E74 /* Dispatcher.swift in Sources */ = {isa = PBXBuildFile; fileRef = A43B3B3927699E2F0025B150 /* Dispatcher.swift */; };
		A428FAF02774C94300944E74 /* Module.swift in Sources */ = {isa = PBXBuildFile; fileRef = A43B3B5227699FA20025B150 /* Module.swift */; };
		A428FAF12774C94600944E74 /* URLPattern.swift in Sources */ = {isa = PBXBuildFile; fileRef = A43B3B682769AAC40025B150 /* URLPattern.swift */; };
		A428FAF22774C94900944E74 /* ChatSessionPiece.swift in Sources */ = {isa = PBXBuildFile; fileRef = A43B3B842769BFA70025B150 /* ChatSessionPiece.swift */; };
		A428FAF32774C94D00944E74 /* ChatRoomPiece.swift in Sources */ = {isa = PBXBuildFile; fileRef = A43B3B822769BF9F0025B150 /* ChatRoomPiece.swift */; };
		A428FAF42774C94F00944E74 /* ContactsPiece.swift in Sources */ = {isa = PBXBuildFile; fileRef = A43B3B8A2769BFCC0025B150 /* ContactsPiece.swift */; };
		A428FAF52774C95100944E74 /* DiscoverPiece.swift in Sources */ = {isa = PBXBuildFile; fileRef = A43B3B6D2769ABA60025B150 /* DiscoverPiece.swift */; };
		A428FAF62774C95500944E74 /* MePiece.swift in Sources */ = {isa = PBXBuildFile; fileRef = A43B3B882769BFC00025B150 /* MePiece.swift */; };
		A428FAF72774C95700944E74 /* AccountPiece.swift in Sources */ = {isa = PBXBuildFile; fileRef = A43B3B862769BFB60025B150 /* AccountPiece.swift */; };
		A428FAF82774C95900944E74 /* SearchPiece.swift in Sources */ = {isa = PBXBuildFile; fileRef = A43B3B8C2769BFD90025B150 /* SearchPiece.swift */; };
		A428FAFA2774CFB400944E74 /* CaseIterable+Extensions.swift in Sources */ = {isa = PBXBuildFile; fileRef = A428FAF92774CFB400944E74 /* CaseIterable+Extensions.swift */; };
		A439E3042774D17A00F9C7A3 /* ViewModel.swift in Sources */ = {isa = PBXBuildFile; fileRef = A439E3032774D17A00F9C7A3 /* ViewModel.swift */; };
		A439E3062774D1BD00F9C7A3 /* WeChatProvider.swift in Sources */ = {isa = PBXBuildFile; fileRef = A439E3052774D1BD00F9C7A3 /* WeChatProvider.swift */; };
		A439E3082774D21A00F9C7A3 /* ActivityIndicator.swift in Sources */ = {isa = PBXBuildFile; fileRef = A439E3072774D21A00F9C7A3 /* ActivityIndicator.swift */; };
		A439E30A2774D25B00F9C7A3 /* NetworkError.swift in Sources */ = {isa = PBXBuildFile; fileRef = A439E3092774D25B00F9C7A3 /* NetworkError.swift */; };
		A439E30C2774D30600F9C7A3 /* ErrorTracker.swift in Sources */ = {isa = PBXBuildFile; fileRef = A439E30B2774D30600F9C7A3 /* ErrorTracker.swift */; };
		A439E30E2774D34500F9C7A3 /* Observable+Operators.swift in Sources */ = {isa = PBXBuildFile; fileRef = A439E30D2774D34500F9C7A3 /* Observable+Operators.swift */; };
		A439E3102774D39200F9C7A3 /* Navigator.swift in Sources */ = {isa = PBXBuildFile; fileRef = A439E30F2774D39200F9C7A3 /* Navigator.swift */; };
		A439E3122774D4B700F9C7A3 /* MainTabBarViewModel.swift in Sources */ = {isa = PBXBuildFile; fileRef = A439E3112774D4B700F9C7A3 /* MainTabBarViewModel.swift */; };
		A43B3B672769A9680025B150 /* main.swift in Sources */ = {isa = PBXBuildFile; fileRef = A43B3B662769A9680025B150 /* main.swift */; };
		A472E23E2776C7C3007315AB /* UIViewController+Rx.swift in Sources */ = {isa = PBXBuildFile; fileRef = A472E23D2776C7C3007315AB /* UIViewController+Rx.swift */; };
		A472E2402776C82C007315AB /* ChatSessionViewModel.swift in Sources */ = {isa = PBXBuildFile; fileRef = A472E23F2776C82C007315AB /* ChatSessionViewModel.swift */; };
		A472E2422776C835007315AB /* ChatRoomViewModel.swift in Sources */ = {isa = PBXBuildFile; fileRef = A472E2412776C835007315AB /* ChatRoomViewModel.swift */; };
		A472E2442776C83C007315AB /* ContactsViewModel.swift in Sources */ = {isa = PBXBuildFile; fileRef = A472E2432776C83C007315AB /* ContactsViewModel.swift */; };
		A472E2462776C844007315AB /* DiscoverViewModel.swift in Sources */ = {isa = PBXBuildFile; fileRef = A472E2452776C844007315AB /* DiscoverViewModel.swift */; };
		A472E2482776C84D007315AB /* MeViewModel.swift in Sources */ = {isa = PBXBuildFile; fileRef = A472E2472776C84D007315AB /* MeViewModel.swift */; };
		A472E24A2776C854007315AB /* AccountViewModel.swift in Sources */ = {isa = PBXBuildFile; fileRef = A472E2492776C854007315AB /* AccountViewModel.swift */; };
		A48066972776FC770052E5BE /* Expression.bundle in Resources */ = {isa = PBXBuildFile; fileRef = A48066962776FC770052E5BE /* Expression.bundle */; };
		A4806F0B2776FDDD0052E5BE /* SVG.bundle in Resources */ = {isa = PBXBuildFile; fileRef = A4806F0A2776FDDD0052E5BE /* SVG.bundle */; };
		A4C49FEC27770E3500CCDFA0 /* UIImage+SVG.swift in Sources */ = {isa = PBXBuildFile; fileRef = A4C49FEB27770E3500CCDFA0 /* UIImage+SVG.swift */; };
		A4C49FEE27770F4500CCDFA0 /* SVGImage+Extensions.swift in Sources */ = {isa = PBXBuildFile; fileRef = A4C49FED27770F4500CCDFA0 /* SVGImage+Extensions.swift */; };
		A4C49FF02777123D00CCDFA0 /* Colors.swift in Sources */ = {isa = PBXBuildFile; fileRef = A4C49FEF2777123D00CCDFA0 /* Colors.swift */; };
		A4C49FF227771A5F00CCDFA0 /* Launch Screen.storyboard in Resources */ = {isa = PBXBuildFile; fileRef = A4C49FF127771A5F00CCDFA0 /* Launch Screen.storyboard */; };
		A4DB700F276B5B7900C8FC62 /* RouterDispatcher.swift in Sources */ = {isa = PBXBuildFile; fileRef = A4DB700E276B5B7900C8FC62 /* RouterDispatcher.swift */; };
		A4DB7011276B5C0000C8FC62 /* RouterDispatchType.swift in Sources */ = {isa = PBXBuildFile; fileRef = A4DB7010276B5C0000C8FC62 /* RouterDispatchType.swift */; };
		B7C14DDDAF56C9B172F971BA /* Pods_WeChat.framework in Frameworks */ = {isa = PBXBuildFile; fileRef = A26A4EDA43AF6A6BE2D9B686 /* Pods_WeChat.framework */; };
/* End PBXBuildFile section */

/* Begin PBXCopyFilesBuildPhase section */
		A4A34B6F276A005D0063DAC2 /* Embed Frameworks */ = {
			isa = PBXCopyFilesBuildPhase;
			buildActionMask = 2147483647;
			dstPath = "";
			dstSubfolderSpec = 10;
			files = (
			);
			name = "Embed Frameworks";
			runOnlyForDeploymentPostprocessing = 0;
		};
/* End PBXCopyFilesBuildPhase section */

/* Begin PBXFileReference section */
		01B709DA386DB926429AE27C /* Pods_ChatSession.framework */ = {isa = PBXFileReference; explicitFileType = wrapper.framework; includeInIndex = 0; path = Pods_ChatSession.framework; sourceTree = BUILT_PRODUCTS_DIR; };
		01BD0ED6B2B26EFA37C47F3E /* Pods_Domain.framework */ = {isa = PBXFileReference; explicitFileType = wrapper.framework; includeInIndex = 0; path = Pods_Domain.framework; sourceTree = BUILT_PRODUCTS_DIR; };
		0F400208B1815A0839128C19 /* Pods-Account.release.xcconfig */ = {isa = PBXFileReference; includeInIndex = 1; lastKnownFileType = text.xcconfig; name = "Pods-Account.release.xcconfig"; path = "Target Support Files/Pods-Account/Pods-Account.release.xcconfig"; sourceTree = "<group>"; };
		10D61431515CFB5BF58823EB /* Pods-Emoticon.release.xcconfig */ = {isa = PBXFileReference; includeInIndex = 1; lastKnownFileType = text.xcconfig; name = "Pods-Emoticon.release.xcconfig"; path = "Target Support Files/Pods-Emoticon/Pods-Emoticon.release.xcconfig"; sourceTree = "<group>"; };
		11DD32A7F641FC92ACDD544A /* Pods-Common.release.xcconfig */ = {isa = PBXFileReference; includeInIndex = 1; lastKnownFileType = text.xcconfig; name = "Pods-Common.release.xcconfig"; path = "Target Support Files/Pods-Common/Pods-Common.release.xcconfig"; sourceTree = "<group>"; };
		1230D8F364706AF0968BE846 /* Pods-Account.debug.xcconfig */ = {isa = PBXFileReference; includeInIndex = 1; lastKnownFileType = text.xcconfig; name = "Pods-Account.debug.xcconfig"; path = "Target Support Files/Pods-Account/Pods-Account.debug.xcconfig"; sourceTree = "<group>"; };
		1C402A420C77C2339220F66F /* Pods-Profile.debug.xcconfig */ = {isa = PBXFileReference; includeInIndex = 1; lastKnownFileType = text.xcconfig; name = "Pods-Profile.debug.xcconfig"; path = "Target Support Files/Pods-Profile/Pods-Profile.debug.xcconfig"; sourceTree = "<group>"; };
		228A671AC7FD12F0639EC6EC /* Pods-Common.debug.xcconfig */ = {isa = PBXFileReference; includeInIndex = 1; lastKnownFileType = text.xcconfig; name = "Pods-Common.debug.xcconfig"; path = "Target Support Files/Pods-Common/Pods-Common.debug.xcconfig"; sourceTree = "<group>"; };
		228D76D81BAEB4CAFFBAC3BA /* Pods-ChatSession.release.xcconfig */ = {isa = PBXFileReference; includeInIndex = 1; lastKnownFileType = text.xcconfig; name = "Pods-ChatSession.release.xcconfig"; path = "Target Support Files/Pods-ChatSession/Pods-ChatSession.release.xcconfig"; sourceTree = "<group>"; };
		28567D890F66A4D5702AD282 /* Pods_Logger.framework */ = {isa = PBXFileReference; explicitFileType = wrapper.framework; includeInIndex = 0; path = Pods_Logger.framework; sourceTree = BUILT_PRODUCTS_DIR; };
		28BC64B49D99BA683FD0C92A /* Pods_Common.framework */ = {isa = PBXFileReference; explicitFileType = wrapper.framework; includeInIndex = 0; path = Pods_Common.framework; sourceTree = BUILT_PRODUCTS_DIR; };
		2BBEEC1821D3CB2F566B5626 /* Pods_ChatRoom.framework */ = {isa = PBXFileReference; explicitFileType = wrapper.framework; includeInIndex = 0; path = Pods_ChatRoom.framework; sourceTree = BUILT_PRODUCTS_DIR; };
		2EE5563852C3FEE13E9E9F7F /* Pods_Component.framework */ = {isa = PBXFileReference; explicitFileType = wrapper.framework; includeInIndex = 0; path = Pods_Component.framework; sourceTree = BUILT_PRODUCTS_DIR; };
		2F310FB497C38F406A4207CE /* Pods-Discovery.debug.xcconfig */ = {isa = PBXFileReference; includeInIndex = 1; lastKnownFileType = text.xcconfig; name = "Pods-Discovery.debug.xcconfig"; path = "Target Support Files/Pods-Discovery/Pods-Discovery.debug.xcconfig"; sourceTree = "<group>"; };
		33F76F1D506F83FD1FCB37E4 /* Pods_Components.framework */ = {isa = PBXFileReference; explicitFileType = wrapper.framework; includeInIndex = 0; path = Pods_Components.framework; sourceTree = BUILT_PRODUCTS_DIR; };
		363C9FD55C76A833A16A063F /* Pods-Network.release.xcconfig */ = {isa = PBXFileReference; includeInIndex = 1; lastKnownFileType = text.xcconfig; name = "Pods-Network.release.xcconfig"; path = "Target Support Files/Pods-Network/Pods-Network.release.xcconfig"; sourceTree = "<group>"; };
		3885BA89B025B3094A0BE41D /* Pods-Logger.release.xcconfig */ = {isa = PBXFileReference; includeInIndex = 1; lastKnownFileType = text.xcconfig; name = "Pods-Logger.release.xcconfig"; path = "Target Support Files/Pods-Logger/Pods-Logger.release.xcconfig"; sourceTree = "<group>"; };
		39B625CB14984A1B54A15595 /* Pods-Profile.release.xcconfig */ = {isa = PBXFileReference; includeInIndex = 1; lastKnownFileType = text.xcconfig; name = "Pods-Profile.release.xcconfig"; path = "Target Support Files/Pods-Profile/Pods-Profile.release.xcconfig"; sourceTree = "<group>"; };
		39B88A6C39317666B420B238 /* Pods-Emoticon.debug.xcconfig */ = {isa = PBXFileReference; includeInIndex = 1; lastKnownFileType = text.xcconfig; name = "Pods-Emoticon.debug.xcconfig"; path = "Target Support Files/Pods-Emoticon/Pods-Emoticon.debug.xcconfig"; sourceTree = "<group>"; };
		3A0D5BC978C851086D119321 /* Pods-Contact.release.xcconfig */ = {isa = PBXFileReference; includeInIndex = 1; lastKnownFileType = text.xcconfig; name = "Pods-Contact.release.xcconfig"; path = "Target Support Files/Pods-Contact/Pods-Contact.release.xcconfig"; sourceTree = "<group>"; };
		3AA0F5A437F9C5DE93760E3A /* Pods_Emoticon.framework */ = {isa = PBXFileReference; explicitFileType = wrapper.framework; includeInIndex = 0; path = Pods_Emoticon.framework; sourceTree = BUILT_PRODUCTS_DIR; };
		3AA5CCBCB4C0096D9C8D3E02 /* Pods-Resource.release.xcconfig */ = {isa = PBXFileReference; includeInIndex = 1; lastKnownFileType = text.xcconfig; name = "Pods-Resource.release.xcconfig"; path = "Target Support Files/Pods-Resource/Pods-Resource.release.xcconfig"; sourceTree = "<group>"; };
		3D0BA2E8558AC2FE3F252A83 /* Pods_Model.framework */ = {isa = PBXFileReference; explicitFileType = wrapper.framework; includeInIndex = 0; path = Pods_Model.framework; sourceTree = BUILT_PRODUCTS_DIR; };
		4B969BB5706C5DD1715D355B /* Pods-Domain.release.xcconfig */ = {isa = PBXFileReference; includeInIndex = 1; lastKnownFileType = text.xcconfig; name = "Pods-Domain.release.xcconfig"; path = "Target Support Files/Pods-Domain/Pods-Domain.release.xcconfig"; sourceTree = "<group>"; };
		4E5E26DFADB931DE655D89B9 /* Pods-ChatRoom.release.xcconfig */ = {isa = PBXFileReference; includeInIndex = 1; lastKnownFileType = text.xcconfig; name = "Pods-ChatRoom.release.xcconfig"; path = "Target Support Files/Pods-ChatRoom/Pods-ChatRoom.release.xcconfig"; sourceTree = "<group>"; };
		542A8EA97C9D949078550757 /* Pods-Components.release.xcconfig */ = {isa = PBXFileReference; includeInIndex = 1; lastKnownFileType = text.xcconfig; name = "Pods-Components.release.xcconfig"; path = "Target Support Files/Pods-Components/Pods-Components.release.xcconfig"; sourceTree = "<group>"; };
		5B234FA998D377217044BFCC /* Pods_Utilities.framework */ = {isa = PBXFileReference; explicitFileType = wrapper.framework; includeInIndex = 0; path = Pods_Utilities.framework; sourceTree = BUILT_PRODUCTS_DIR; };
		5F212861DCB47C58EFE7A58D /* Pods-Context.release.xcconfig */ = {isa = PBXFileReference; includeInIndex = 1; lastKnownFileType = text.xcconfig; name = "Pods-Context.release.xcconfig"; path = "Target Support Files/Pods-Context/Pods-Context.release.xcconfig"; sourceTree = "<group>"; };
		7615CDC43A97E4EBB5684983 /* Pods-ChatSession.debug.xcconfig */ = {isa = PBXFileReference; includeInIndex = 1; lastKnownFileType = text.xcconfig; name = "Pods-ChatSession.debug.xcconfig"; path = "Target Support Files/Pods-ChatSession/Pods-ChatSession.debug.xcconfig"; sourceTree = "<group>"; };
		76E2191C0825AF6CC108C6BD /* Pods-Model.debug.xcconfig */ = {isa = PBXFileReference; includeInIndex = 1; lastKnownFileType = text.xcconfig; name = "Pods-Model.debug.xcconfig"; path = "Target Support Files/Pods-Model/Pods-Model.debug.xcconfig"; sourceTree = "<group>"; };
		79102E13166DCD8036ACD57B /* Pods-WeChat.release.xcconfig */ = {isa = PBXFileReference; includeInIndex = 1; lastKnownFileType = text.xcconfig; name = "Pods-WeChat.release.xcconfig"; path = "Target Support Files/Pods-WeChat/Pods-WeChat.release.xcconfig"; sourceTree = "<group>"; };
		7BC767C8CEDF921F0DFCD0B9 /* Pods_Database.framework */ = {isa = PBXFileReference; explicitFileType = wrapper.framework; includeInIndex = 0; path = Pods_Database.framework; sourceTree = BUILT_PRODUCTS_DIR; };
		7F81391B9D33F91253C87D28 /* Pods_Search.framework */ = {isa = PBXFileReference; explicitFileType = wrapper.framework; includeInIndex = 0; path = Pods_Search.framework; sourceTree = BUILT_PRODUCTS_DIR; };
		807D519BAA991C0E49C8B04A /* Pods_Networking.framework */ = {isa = PBXFileReference; explicitFileType = wrapper.framework; includeInIndex = 0; path = Pods_Networking.framework; sourceTree = BUILT_PRODUCTS_DIR; };
		863951CE8062E7884988F02A /* Pods-Context.debug.xcconfig */ = {isa = PBXFileReference; includeInIndex = 1; lastKnownFileType = text.xcconfig; name = "Pods-Context.debug.xcconfig"; path = "Target Support Files/Pods-Context/Pods-Context.debug.xcconfig"; sourceTree = "<group>"; };
		874FDAD4C661BF51E27352B3 /* Pods_Discovery.framework */ = {isa = PBXFileReference; explicitFileType = wrapper.framework; includeInIndex = 0; path = Pods_Discovery.framework; sourceTree = BUILT_PRODUCTS_DIR; };
		89DD084B4223C32C04E6EA8C /* Pods-Contact.debug.xcconfig */ = {isa = PBXFileReference; includeInIndex = 1; lastKnownFileType = text.xcconfig; name = "Pods-Contact.debug.xcconfig"; path = "Target Support Files/Pods-Contact/Pods-Contact.debug.xcconfig"; sourceTree = "<group>"; };
		93CE8D0D06AB586AA8745A04 /* Pods-Search.debug.xcconfig */ = {isa = PBXFileReference; includeInIndex = 1; lastKnownFileType = text.xcconfig; name = "Pods-Search.debug.xcconfig"; path = "Target Support Files/Pods-Search/Pods-Search.debug.xcconfig"; sourceTree = "<group>"; };
		976E79004B4A14C5805D39C8 /* Pods-WeChat.debug.xcconfig */ = {isa = PBXFileReference; includeInIndex = 1; lastKnownFileType = text.xcconfig; name = "Pods-WeChat.debug.xcconfig"; path = "Target Support Files/Pods-WeChat/Pods-WeChat.debug.xcconfig"; sourceTree = "<group>"; };
		9D2F495B4BE56ABD75CDBBEC /* Pods-Utilities.release.xcconfig */ = {isa = PBXFileReference; includeInIndex = 1; lastKnownFileType = text.xcconfig; name = "Pods-Utilities.release.xcconfig"; path = "Target Support Files/Pods-Utilities/Pods-Utilities.release.xcconfig"; sourceTree = "<group>"; };
		A217F52B51F17B722F61A8DE /* Pods-Search.release.xcconfig */ = {isa = PBXFileReference; includeInIndex = 1; lastKnownFileType = text.xcconfig; name = "Pods-Search.release.xcconfig"; path = "Target Support Files/Pods-Search/Pods-Search.release.xcconfig"; sourceTree = "<group>"; };
		A26A4EDA43AF6A6BE2D9B686 /* Pods_WeChat.framework */ = {isa = PBXFileReference; explicitFileType = wrapper.framework; includeInIndex = 0; path = Pods_WeChat.framework; sourceTree = BUILT_PRODUCTS_DIR; };
		A40ADC4827697F4E00E2ECA7 /* Application.swift */ = {isa = PBXFileReference; lastKnownFileType = sourcecode.swift; path = Application.swift; sourceTree = "<group>"; };
		A40ADC4B2769822C00E2ECA7 /* ViewModelType.swift */ = {isa = PBXFileReference; lastKnownFileType = sourcecode.swift; path = ViewModelType.swift; sourceTree = "<group>"; };
		A41164872767456300690C54 /* WeChat.app */ = {isa = PBXFileReference; explicitFileType = wrapper.application; includeInIndex = 0; path = WeChat.app; sourceTree = BUILT_PRODUCTS_DIR; };
		A411648A2767456300690C54 /* AppDelegate.swift */ = {isa = PBXFileReference; lastKnownFileType = sourcecode.swift; path = AppDelegate.swift; sourceTree = "<group>"; };
		A41164932767456500690C54 /* Assets.xcassets */ = {isa = PBXFileReference; lastKnownFileType = folder.assetcatalog; path = Assets.xcassets; sourceTree = "<group>"; };
		A41164A9276835CB00690C54 /* ObservableType+Reachability.swift */ = {isa = PBXFileReference; lastKnownFileType = sourcecode.swift; path = "ObservableType+Reachability.swift"; sourceTree = "<group>"; };
		A41164AB276835EC00690C54 /* Reachability+Rx.swift */ = {isa = PBXFileReference; lastKnownFileType = sourcecode.swift; path = "Reachability+Rx.swift"; sourceTree = "<group>"; };
		A41659AA27688AE600F8AAB6 /* ASBinder.swift */ = {isa = PBXFileReference; lastKnownFileType = sourcecode.swift; path = ASBinder.swift; sourceTree = "<group>"; };
		A41659AC27688B0400F8AAB6 /* ASButtonNode+Rx.swift */ = {isa = PBXFileReference; lastKnownFileType = sourcecode.swift; path = "ASButtonNode+Rx.swift"; sourceTree = "<group>"; };
		A41659AE27688B1A00F8AAB6 /* ASControlNode+Rx.swift */ = {isa = PBXFileReference; lastKnownFileType = sourcecode.swift; path = "ASControlNode+Rx.swift"; sourceTree = "<group>"; };
		A41659B027688B4700F8AAB6 /* ASControlTarget.swift */ = {isa = PBXFileReference; lastKnownFileType = sourcecode.swift; path = ASControlTarget.swift; sourceTree = "<group>"; };
		A41659B227688B6400F8AAB6 /* ASDisplayNode+Rx.swift */ = {isa = PBXFileReference; lastKnownFileType = sourcecode.swift; path = "ASDisplayNode+Rx.swift"; sourceTree = "<group>"; };
		A41659B427688B7F00F8AAB6 /* ASEditableTextNode+Rx.swift */ = {isa = PBXFileReference; lastKnownFileType = sourcecode.swift; path = "ASEditableTextNode+Rx.swift"; sourceTree = "<group>"; };
		A41659B627688B9C00F8AAB6 /* ASImageNode+Rx.swift */ = {isa = PBXFileReference; lastKnownFileType = sourcecode.swift; path = "ASImageNode+Rx.swift"; sourceTree = "<group>"; };
		A41659B827688BB800F8AAB6 /* ASNetworkImageNode+Rx.swift */ = {isa = PBXFileReference; lastKnownFileType = sourcecode.swift; path = "ASNetworkImageNode+Rx.swift"; sourceTree = "<group>"; };
		A41659BA27688BD400F8AAB6 /* ASTextNode+Rx.swift */ = {isa = PBXFileReference; lastKnownFileType = sourcecode.swift; path = "ASTextNode+Rx.swift"; sourceTree = "<group>"; };
		A41659BC27688BF100F8AAB6 /* ASTextNode2+Rx.swift */ = {isa = PBXFileReference; lastKnownFileType = sourcecode.swift; path = "ASTextNode2+Rx.swift"; sourceTree = "<group>"; };
		A41659BE27688C1700F8AAB6 /* Driver+ASSubscription.swift */ = {isa = PBXFileReference; lastKnownFileType = sourcecode.swift; path = "Driver+ASSubscription.swift"; sourceTree = "<group>"; };
		A41659C027688C3B00F8AAB6 /* RxASEditableTextNodeDelegateProxy.swift */ = {isa = PBXFileReference; lastKnownFileType = sourcecode.swift; path = RxASEditableTextNodeDelegateProxy.swift; sourceTree = "<group>"; };
		A41659C32768973100F8AAB6 /* WeChatCompatible.swift */ = {isa = PBXFileReference; lastKnownFileType = sourcecode.swift; path = WeChatCompatible.swift; sourceTree = "<group>"; };
		A41659C72768981500F8AAB6 /* ViewController.swift */ = {isa = PBXFileReference; lastKnownFileType = sourcecode.swift; path = ViewController.swift; sourceTree = "<group>"; };
		A41659C9276898C100F8AAB6 /* MainTabBarController.swift */ = {isa = PBXFileReference; lastKnownFileType = sourcecode.swift; path = MainTabBarController.swift; sourceTree = "<group>"; };
		A41659CB27689B2D00F8AAB6 /* NavigationController.swift */ = {isa = PBXFileReference; lastKnownFileType = sourcecode.swift; path = NavigationController.swift; sourceTree = "<group>"; };
		A428FAC92774C22A00944E74 /* AccountViewController.swift */ = {isa = PBXFileReference; lastKnownFileType = sourcecode.swift; path = AccountViewController.swift; sourceTree = "<group>"; };
		A428FADE2774C33E00944E74 /* EmoticonViewController.swift */ = {isa = PBXFileReference; lastKnownFileType = sourcecode.swift; path = EmoticonViewController.swift; sourceTree = "<group>"; };
		A428FAE02774C36000944E74 /* Logger.swift */ = {isa = PBXFileReference; lastKnownFileType = sourcecode.swift; path = Logger.swift; sourceTree = "<group>"; };
		A428FAE22774C37300944E74 /* SearchViewController.swift */ = {isa = PBXFileReference; lastKnownFileType = sourcecode.swift; path = SearchViewController.swift; sourceTree = "<group>"; };
		A428FAE82774C44900944E74 /* AssetManager.swift */ = {isa = PBXFileReference; lastKnownFileType = sourcecode.swift; path = AssetManager.swift; sourceTree = "<group>"; };
		A428FAEA2774C53B00944E74 /* ApplicationContext.swift */ = {isa = PBXFileReference; lastKnownFileType = sourcecode.swift; path = ApplicationContext.swift; sourceTree = "<group>"; };
		A428FAF92774CFB400944E74 /* CaseIterable+Extensions.swift */ = {isa = PBXFileReference; lastKnownFileType = sourcecode.swift; path = "CaseIterable+Extensions.swift"; sourceTree = "<group>"; };
		A439E3032774D17A00F9C7A3 /* ViewModel.swift */ = {isa = PBXFileReference; lastKnownFileType = sourcecode.swift; path = ViewModel.swift; sourceTree = "<group>"; };
		A439E3052774D1BD00F9C7A3 /* WeChatProvider.swift */ = {isa = PBXFileReference; lastKnownFileType = sourcecode.swift; path = WeChatProvider.swift; sourceTree = "<group>"; };
		A439E3072774D21A00F9C7A3 /* ActivityIndicator.swift */ = {isa = PBXFileReference; lastKnownFileType = sourcecode.swift; path = ActivityIndicator.swift; sourceTree = "<group>"; };
		A439E3092774D25B00F9C7A3 /* NetworkError.swift */ = {isa = PBXFileReference; lastKnownFileType = sourcecode.swift; path = NetworkError.swift; sourceTree = "<group>"; };
		A439E30B2774D30600F9C7A3 /* ErrorTracker.swift */ = {isa = PBXFileReference; lastKnownFileType = sourcecode.swift; path = ErrorTracker.swift; sourceTree = "<group>"; };
		A439E30D2774D34500F9C7A3 /* Observable+Operators.swift */ = {isa = PBXFileReference; lastKnownFileType = sourcecode.swift; path = "Observable+Operators.swift"; sourceTree = "<group>"; };
		A439E30F2774D39200F9C7A3 /* Navigator.swift */ = {isa = PBXFileReference; lastKnownFileType = sourcecode.swift; path = Navigator.swift; sourceTree = "<group>"; };
		A439E3112774D4B700F9C7A3 /* MainTabBarViewModel.swift */ = {isa = PBXFileReference; lastKnownFileType = sourcecode.swift; path = MainTabBarViewModel.swift; sourceTree = "<group>"; };
		A43B1DBE2768644F002456EC /* Then.swift */ = {isa = PBXFileReference; lastKnownFileType = sourcecode.swift; path = Then.swift; sourceTree = "<group>"; };
		A43B1DC1276865B7002456EC /* Response+ObjectMapper.swift */ = {isa = PBXFileReference; lastKnownFileType = sourcecode.swift; path = "Response+ObjectMapper.swift"; sourceTree = "<group>"; };
		A43B1DC32768661D002456EC /* Single+ObjectMapper.swift */ = {isa = PBXFileReference; lastKnownFileType = sourcecode.swift; path = "Single+ObjectMapper.swift"; sourceTree = "<group>"; };
		A43B1DC527686635002456EC /* ObservableType+ObjectMapper.swift */ = {isa = PBXFileReference; lastKnownFileType = sourcecode.swift; path = "ObservableType+ObjectMapper.swift"; sourceTree = "<group>"; };
		A43B1DC827686756002456EC /* NSObject+Rx.swift */ = {isa = PBXFileReference; lastKnownFileType = sourcecode.swift; path = "NSObject+Rx.swift"; sourceTree = "<group>"; };
		A43B1DCA27686779002456EC /* HasDisposeBag.swift */ = {isa = PBXFileReference; lastKnownFileType = sourcecode.swift; path = HasDisposeBag.swift; sourceTree = "<group>"; };
		A43B1DCC276868E6002456EC /* Tenon.swift */ = {isa = PBXFileReference; lastKnownFileType = sourcecode.swift; path = Tenon.swift; sourceTree = "<group>"; };
		A43B3B3727699DFD0025B150 /* Router.swift */ = {isa = PBXFileReference; lastKnownFileType = sourcecode.swift; path = Router.swift; sourceTree = "<group>"; };
		A43B3B3927699E2F0025B150 /* Dispatcher.swift */ = {isa = PBXFileReference; lastKnownFileType = sourcecode.swift; path = Dispatcher.swift; sourceTree = "<group>"; };
		A43B3B3B27699E5D0025B150 /* DispatchResult.swift */ = {isa = PBXFileReference; lastKnownFileType = sourcecode.swift; path = DispatchResult.swift; sourceTree = "<group>"; };
		A43B3B5027699F6B0025B150 /* RouterTenon.swift */ = {isa = PBXFileReference; lastKnownFileType = sourcecode.swift; path = RouterTenon.swift; sourceTree = "<group>"; };
		A43B3B5227699FA20025B150 /* Module.swift */ = {isa = PBXFileReference; lastKnownFileType = sourcecode.swift; path = Module.swift; sourceTree = "<group>"; };
		A43B3B662769A9680025B150 /* main.swift */ = {isa = PBXFileReference; lastKnownFileType = sourcecode.swift; path = main.swift; sourceTree = "<group>"; };
		A43B3B682769AAC40025B150 /* URLPattern.swift */ = {isa = PBXFileReference; lastKnownFileType = sourcecode.swift; path = URLPattern.swift; sourceTree = "<group>"; };
		A43B3B6D2769ABA60025B150 /* DiscoverPiece.swift */ = {isa = PBXFileReference; lastKnownFileType = sourcecode.swift; path = DiscoverPiece.swift; sourceTree = "<group>"; };
		A43B3B822769BF9F0025B150 /* ChatRoomPiece.swift */ = {isa = PBXFileReference; lastKnownFileType = sourcecode.swift; path = ChatRoomPiece.swift; sourceTree = "<group>"; };
		A43B3B842769BFA70025B150 /* ChatSessionPiece.swift */ = {isa = PBXFileReference; lastKnownFileType = sourcecode.swift; path = ChatSessionPiece.swift; sourceTree = "<group>"; };
		A43B3B862769BFB60025B150 /* AccountPiece.swift */ = {isa = PBXFileReference; lastKnownFileType = sourcecode.swift; path = AccountPiece.swift; sourceTree = "<group>"; };
		A43B3B882769BFC00025B150 /* MePiece.swift */ = {isa = PBXFileReference; lastKnownFileType = sourcecode.swift; path = MePiece.swift; sourceTree = "<group>"; };
		A43B3B8A2769BFCC0025B150 /* ContactsPiece.swift */ = {isa = PBXFileReference; lastKnownFileType = sourcecode.swift; path = ContactsPiece.swift; sourceTree = "<group>"; };
		A43B3B8C2769BFD90025B150 /* SearchPiece.swift */ = {isa = PBXFileReference; lastKnownFileType = sourcecode.swift; path = SearchPiece.swift; sourceTree = "<group>"; };
		A43B3BA12769C49E0025B150 /* ChatSession.swift */ = {isa = PBXFileReference; lastKnownFileType = sourcecode.swift; path = ChatSession.swift; sourceTree = "<group>"; };
		A43B3BA42769C9AA0025B150 /* WeChatWindow.swift */ = {isa = PBXFileReference; lastKnownFileType = sourcecode.swift; path = WeChatWindow.swift; sourceTree = "<group>"; };
		A46A37F9F9BF57B927E38909 /* Pods-Resource.debug.xcconfig */ = {isa = PBXFileReference; includeInIndex = 1; lastKnownFileType = text.xcconfig; name = "Pods-Resource.debug.xcconfig"; path = "Target Support Files/Pods-Resource/Pods-Resource.debug.xcconfig"; sourceTree = "<group>"; };
		A472E23D2776C7C3007315AB /* UIViewController+Rx.swift */ = {isa = PBXFileReference; lastKnownFileType = sourcecode.swift; path = "UIViewController+Rx.swift"; sourceTree = "<group>"; };
		A472E23F2776C82C007315AB /* ChatSessionViewModel.swift */ = {isa = PBXFileReference; lastKnownFileType = sourcecode.swift; path = ChatSessionViewModel.swift; sourceTree = "<group>"; };
		A472E2412776C835007315AB /* ChatRoomViewModel.swift */ = {isa = PBXFileReference; lastKnownFileType = sourcecode.swift; path = ChatRoomViewModel.swift; sourceTree = "<group>"; };
		A472E2432776C83C007315AB /* ContactsViewModel.swift */ = {isa = PBXFileReference; lastKnownFileType = sourcecode.swift; path = ContactsViewModel.swift; sourceTree = "<group>"; };
		A472E2452776C844007315AB /* DiscoverViewModel.swift */ = {isa = PBXFileReference; lastKnownFileType = sourcecode.swift; path = DiscoverViewModel.swift; sourceTree = "<group>"; };
		A472E2472776C84D007315AB /* MeViewModel.swift */ = {isa = PBXFileReference; lastKnownFileType = sourcecode.swift; path = MeViewModel.swift; sourceTree = "<group>"; };
		A472E2492776C854007315AB /* AccountViewModel.swift */ = {isa = PBXFileReference; lastKnownFileType = sourcecode.swift; path = AccountViewModel.swift; sourceTree = "<group>"; };
		A48066962776FC770052E5BE /* Expression.bundle */ = {isa = PBXFileReference; lastKnownFileType = "wrapper.plug-in"; path = Expression.bundle; sourceTree = "<group>"; };
		A4806F0A2776FDDD0052E5BE /* SVG.bundle */ = {isa = PBXFileReference; lastKnownFileType = "wrapper.plug-in"; path = SVG.bundle; sourceTree = "<group>"; };
		A4A34B6B2769FFCA0063DAC2 /* ChatSessionViewController.swift */ = {isa = PBXFileReference; lastKnownFileType = sourcecode.swift; path = ChatSessionViewController.swift; sourceTree = "<group>"; };
		A4A34B90276A00A20063DAC2 /* ChatRoomViewController.swift */ = {isa = PBXFileReference; lastKnownFileType = sourcecode.swift; path = ChatRoomViewController.swift; sourceTree = "<group>"; };
		A4A34B93276A00BD0063DAC2 /* ContactsViewController.swift */ = {isa = PBXFileReference; lastKnownFileType = sourcecode.swift; path = ContactsViewController.swift; sourceTree = "<group>"; };
		A4A34B96276A00E40063DAC2 /* DiscoverViewController.swift */ = {isa = PBXFileReference; lastKnownFileType = sourcecode.swift; path = DiscoverViewController.swift; sourceTree = "<group>"; };
		A4A34B99276A013B0063DAC2 /* MeViewController.swift */ = {isa = PBXFileReference; lastKnownFileType = sourcecode.swift; path = MeViewController.swift; sourceTree = "<group>"; };
		A4C49FEB27770E3500CCDFA0 /* UIImage+SVG.swift */ = {isa = PBXFileReference; lastKnownFileType = sourcecode.swift; path = "UIImage+SVG.swift"; sourceTree = "<group>"; };
		A4C49FED27770F4500CCDFA0 /* SVGImage+Extensions.swift */ = {isa = PBXFileReference; lastKnownFileType = sourcecode.swift; path = "SVGImage+Extensions.swift"; sourceTree = "<group>"; };
		A4C49FEF2777123D00CCDFA0 /* Colors.swift */ = {isa = PBXFileReference; lastKnownFileType = sourcecode.swift; path = Colors.swift; sourceTree = "<group>"; };
		A4C49FF127771A5F00CCDFA0 /* Launch Screen.storyboard */ = {isa = PBXFileReference; lastKnownFileType = file.storyboard; path = "Launch Screen.storyboard"; sourceTree = "<group>"; };
		A4DB700E276B5B7900C8FC62 /* RouterDispatcher.swift */ = {isa = PBXFileReference; lastKnownFileType = sourcecode.swift; path = RouterDispatcher.swift; sourceTree = "<group>"; };
		A4DB7010276B5C0000C8FC62 /* RouterDispatchType.swift */ = {isa = PBXFileReference; lastKnownFileType = sourcecode.swift; path = RouterDispatchType.swift; sourceTree = "<group>"; };
		A4DB7014276B5D9D00C8FC62 /* String+Extensions.swift */ = {isa = PBXFileReference; lastKnownFileType = sourcecode.swift; path = "String+Extensions.swift"; sourceTree = "<group>"; };
		B18B3BC61A67C186F14EB969 /* Pods-Components.debug.xcconfig */ = {isa = PBXFileReference; includeInIndex = 1; lastKnownFileType = text.xcconfig; name = "Pods-Components.debug.xcconfig"; path = "Target Support Files/Pods-Components/Pods-Components.debug.xcconfig"; sourceTree = "<group>"; };
		B29E8396093434707C91953D /* Pods-Database.release.xcconfig */ = {isa = PBXFileReference; includeInIndex = 1; lastKnownFileType = text.xcconfig; name = "Pods-Database.release.xcconfig"; path = "Target Support Files/Pods-Database/Pods-Database.release.xcconfig"; sourceTree = "<group>"; };
		BC293FFFE94E440CC7B13549 /* Pods-Component.release.xcconfig */ = {isa = PBXFileReference; includeInIndex = 1; lastKnownFileType = text.xcconfig; name = "Pods-Component.release.xcconfig"; path = "Target Support Files/Pods-Component/Pods-Component.release.xcconfig"; sourceTree = "<group>"; };
		BD6270123131C2310B297824 /* Pods-Networking.debug.xcconfig */ = {isa = PBXFileReference; includeInIndex = 1; lastKnownFileType = text.xcconfig; name = "Pods-Networking.debug.xcconfig"; path = "Target Support Files/Pods-Networking/Pods-Networking.debug.xcconfig"; sourceTree = "<group>"; };
		BFE9079BB39CCA4D597C2AC0 /* Pods-Discovery.release.xcconfig */ = {isa = PBXFileReference; includeInIndex = 1; lastKnownFileType = text.xcconfig; name = "Pods-Discovery.release.xcconfig"; path = "Target Support Files/Pods-Discovery/Pods-Discovery.release.xcconfig"; sourceTree = "<group>"; };
		D07386E488E8D6C2318C3FD1 /* Pods-Network.debug.xcconfig */ = {isa = PBXFileReference; includeInIndex = 1; lastKnownFileType = text.xcconfig; name = "Pods-Network.debug.xcconfig"; path = "Target Support Files/Pods-Network/Pods-Network.debug.xcconfig"; sourceTree = "<group>"; };
		D20883238A1A462F14C143B5 /* Pods-Model.release.xcconfig */ = {isa = PBXFileReference; includeInIndex = 1; lastKnownFileType = text.xcconfig; name = "Pods-Model.release.xcconfig"; path = "Target Support Files/Pods-Model/Pods-Model.release.xcconfig"; sourceTree = "<group>"; };
		D3919AE89D0A84E7D2DB14FE /* Pods_Contact.framework */ = {isa = PBXFileReference; explicitFileType = wrapper.framework; includeInIndex = 0; path = Pods_Contact.framework; sourceTree = BUILT_PRODUCTS_DIR; };
		D4DF1ABDF51379042639BCD4 /* Pods-Logger.debug.xcconfig */ = {isa = PBXFileReference; includeInIndex = 1; lastKnownFileType = text.xcconfig; name = "Pods-Logger.debug.xcconfig"; path = "Target Support Files/Pods-Logger/Pods-Logger.debug.xcconfig"; sourceTree = "<group>"; };
		D64AF293C8AFADBCB4BF69CC /* Pods-Domain.debug.xcconfig */ = {isa = PBXFileReference; includeInIndex = 1; lastKnownFileType = text.xcconfig; name = "Pods-Domain.debug.xcconfig"; path = "Target Support Files/Pods-Domain/Pods-Domain.debug.xcconfig"; sourceTree = "<group>"; };
		D7E60E71D56AF0475F54158F /* Pods-Utilities.debug.xcconfig */ = {isa = PBXFileReference; includeInIndex = 1; lastKnownFileType = text.xcconfig; name = "Pods-Utilities.debug.xcconfig"; path = "Target Support Files/Pods-Utilities/Pods-Utilities.debug.xcconfig"; sourceTree = "<group>"; };
		DAF7C06B4EC0A0747932E0C8 /* Pods_Profile.framework */ = {isa = PBXFileReference; explicitFileType = wrapper.framework; includeInIndex = 0; path = Pods_Profile.framework; sourceTree = BUILT_PRODUCTS_DIR; };
		DF8C13D76C1B0B5C8B54E515 /* Pods_Account.framework */ = {isa = PBXFileReference; explicitFileType = wrapper.framework; includeInIndex = 0; path = Pods_Account.framework; sourceTree = BUILT_PRODUCTS_DIR; };
		EB76234F2C77310591E23DD0 /* Pods-Database.debug.xcconfig */ = {isa = PBXFileReference; includeInIndex = 1; lastKnownFileType = text.xcconfig; name = "Pods-Database.debug.xcconfig"; path = "Target Support Files/Pods-Database/Pods-Database.debug.xcconfig"; sourceTree = "<group>"; };
		F23E36989E4FFF5A6F643851 /* Pods-Networking.release.xcconfig */ = {isa = PBXFileReference; includeInIndex = 1; lastKnownFileType = text.xcconfig; name = "Pods-Networking.release.xcconfig"; path = "Target Support Files/Pods-Networking/Pods-Networking.release.xcconfig"; sourceTree = "<group>"; };
		F84DE33FD62E162568EF2407 /* Pods-ChatRoom.debug.xcconfig */ = {isa = PBXFileReference; includeInIndex = 1; lastKnownFileType = text.xcconfig; name = "Pods-ChatRoom.debug.xcconfig"; path = "Target Support Files/Pods-ChatRoom/Pods-ChatRoom.debug.xcconfig"; sourceTree = "<group>"; };
		F885B365CD8E7498DAC4F6C2 /* Pods-Component.debug.xcconfig */ = {isa = PBXFileReference; includeInIndex = 1; lastKnownFileType = text.xcconfig; name = "Pods-Component.debug.xcconfig"; path = "Target Support Files/Pods-Component/Pods-Component.debug.xcconfig"; sourceTree = "<group>"; };
		FDE3E2A06E0530170E5BC10C /* Pods_Resource.framework */ = {isa = PBXFileReference; explicitFileType = wrapper.framework; includeInIndex = 0; path = Pods_Resource.framework; sourceTree = BUILT_PRODUCTS_DIR; };
		FDF28DFD7BC30729180D1631 /* Pods_Context.framework */ = {isa = PBXFileReference; explicitFileType = wrapper.framework; includeInIndex = 0; path = Pods_Context.framework; sourceTree = BUILT_PRODUCTS_DIR; };
/* End PBXFileReference section */

/* Begin PBXFrameworksBuildPhase section */
		A41164842767456300690C54 /* Frameworks */ = {
			isa = PBXFrameworksBuildPhase;
			buildActionMask = 2147483647;
			files = (
				B7C14DDDAF56C9B172F971BA /* Pods_WeChat.framework in Frameworks */,
			);
			runOnlyForDeploymentPostprocessing = 0;
		};
/* End PBXFrameworksBuildPhase section */

/* Begin PBXGroup section */
		584D6D2385A8E04A45534973 /* Frameworks */ = {
			isa = PBXGroup;
			children = (
				A26A4EDA43AF6A6BE2D9B686 /* Pods_WeChat.framework */,
				DF8C13D76C1B0B5C8B54E515 /* Pods_Account.framework */,
				2BBEEC1821D3CB2F566B5626 /* Pods_ChatRoom.framework */,
				01B709DA386DB926429AE27C /* Pods_ChatSession.framework */,
				28BC64B49D99BA683FD0C92A /* Pods_Common.framework */,
				33F76F1D506F83FD1FCB37E4 /* Pods_Components.framework */,
				D3919AE89D0A84E7D2DB14FE /* Pods_Contact.framework */,
				FDF28DFD7BC30729180D1631 /* Pods_Context.framework */,
				7BC767C8CEDF921F0DFCD0B9 /* Pods_Database.framework */,
				874FDAD4C661BF51E27352B3 /* Pods_Discovery.framework */,
				01BD0ED6B2B26EFA37C47F3E /* Pods_Domain.framework */,
				3AA0F5A437F9C5DE93760E3A /* Pods_Emoticon.framework */,
				DAF7C06B4EC0A0747932E0C8 /* Pods_Profile.framework */,
				5B234FA998D377217044BFCC /* Pods_Utilities.framework */,
				28567D890F66A4D5702AD282 /* Pods_Logger.framework */,
				3D0BA2E8558AC2FE3F252A83 /* Pods_Model.framework */,
				7F81391B9D33F91253C87D28 /* Pods_Search.framework */,
				807D519BAA991C0E49C8B04A /* Pods_Networking.framework */,
				2EE5563852C3FEE13E9E9F7F /* Pods_Component.framework */,
				FDE3E2A06E0530170E5BC10C /* Pods_Resource.framework */,
			);
			name = Frameworks;
			sourceTree = "<group>";
		};
		A40ADC74276989C100E2ECA7 /* Contacts */ = {
			isa = PBXGroup;
			children = (
				A4A34B93276A00BD0063DAC2 /* ContactsViewController.swift */,
				A472E2432776C83C007315AB /* ContactsViewModel.swift */,
			);
			path = Contacts;
			sourceTree = "<group>";
		};
		A40ADC86276989DD00E2ECA7 /* Discover */ = {
			isa = PBXGroup;
			children = (
				A4A34B96276A00E40063DAC2 /* DiscoverViewController.swift */,
				A472E2452776C844007315AB /* DiscoverViewModel.swift */,
			);
			path = Discover;
			sourceTree = "<group>";
		};
		A40ADC98276989E900E2ECA7 /* Me */ = {
			isa = PBXGroup;
			children = (
				A4A34B99276A013B0063DAC2 /* MeViewController.swift */,
				A472E2472776C84D007315AB /* MeViewModel.swift */,
			);
			path = Me;
			sourceTree = "<group>";
		};
		A40ADCAA276989F500E2ECA7 /* ChatRoom */ = {
			isa = PBXGroup;
			children = (
				A4A34B90276A00A20063DAC2 /* ChatRoomViewController.swift */,
				A472E2412776C835007315AB /* ChatRoomViewModel.swift */,
			);
			path = ChatRoom;
			sourceTree = "<group>";
		};
		A40ADCBC27698A2B00E2ECA7 /* Account */ = {
			isa = PBXGroup;
			children = (
				A428FAC92774C22A00944E74 /* AccountViewController.swift */,
				A472E2492776C854007315AB /* AccountViewModel.swift */,
			);
			path = Account;
			sourceTree = "<group>";
		};
		A40ADCCE27698A4900E2ECA7 /* Context */ = {
			isa = PBXGroup;
			children = (
				A428FAEA2774C53B00944E74 /* ApplicationContext.swift */,
			);
			path = Context;
			sourceTree = "<group>";
		};
		A40ADCF227698A7800E2ECA7 /* Utilities */ = {
			isa = PBXGroup;
			children = (
				A4DB7013276B5D9200C8FC62 /* Extensions */,
				A43B1DC727686744002456EC /* DisposeBag */,
				A43B1DBE2768644F002456EC /* Then.swift */,
				A41659C32768973100F8AAB6 /* WeChatCompatible.swift */,
				A439E3072774D21A00F9C7A3 /* ActivityIndicator.swift */,
			);
			path = Utilities;
			sourceTree = "<group>";
		};
		A40ADD1627698ABD00E2ECA7 /* Common */ = {
			isa = PBXGroup;
			children = (
				A41659C72768981500F8AAB6 /* ViewController.swift */,
				A40ADC4B2769822C00E2ECA7 /* ViewModelType.swift */,
				A41659CB27689B2D00F8AAB6 /* NavigationController.swift */,
				A43B3B3B27699E5D0025B150 /* DispatchResult.swift */,
				A439E3032774D17A00F9C7A3 /* ViewModel.swift */,
				A4C49FEF2777123D00CCDFA0 /* Colors.swift */,
			);
			path = Common;
			sourceTree = "<group>";
		};
		A40ADD2827698AC900E2ECA7 /* Storage */ = {
			isa = PBXGroup;
			children = (
				A428FADD2774C32800944E74 /* Cache */,
				A428FADC2774C31F00944E74 /* Database */,
			);
			path = Storage;
			sourceTree = "<group>";
		};
		A40ADD4C27698B1900E2ECA7 /* Emoticon */ = {
			isa = PBXGroup;
			children = (
				A428FADE2774C33E00944E74 /* EmoticonViewController.swift */,
			);
			path = Emoticon;
			sourceTree = "<group>";
		};
		A40ADD5E27698B3000E2ECA7 /* ChatSession */ = {
			isa = PBXGroup;
			children = (
				A4A34B6B2769FFCA0063DAC2 /* ChatSessionViewController.swift */,
				A472E23F2776C82C007315AB /* ChatSessionViewModel.swift */,
			);
			path = ChatSession;
			sourceTree = "<group>";
		};
		A411647E2767456300690C54 = {
			isa = PBXGroup;
			children = (
				A41164892767456300690C54 /* WeChat */,
				A41164882767456300690C54 /* Products */,
				BC3AE1B7E9A2A81670B4CB8A /* Pods */,
				584D6D2385A8E04A45534973 /* Frameworks */,
			);
			sourceTree = "<group>";
		};
		A41164882767456300690C54 /* Products */ = {
			isa = PBXGroup;
			children = (
				A41164872767456300690C54 /* WeChat.app */,
			);
			name = Products;
			sourceTree = "<group>";
		};
		A41164892767456300690C54 /* WeChat */ = {
			isa = PBXGroup;
			children = (
				A411649E27682D3F00690C54 /* Application */,
				A411649F27682D4500690C54 /* Main */,
				A40ADD1627698ABD00E2ECA7 /* Common */,
				A428FAC82774C16000944E74 /* Modules */,
				A4DB6FCB276AE70A00C8FC62 /* Networking */,
				A4DB6FE2276AE78200C8FC62 /* Component */,
				A43B3B4327699EA30025B150 /* Router */,
				A40ADCF227698A7800E2ECA7 /* Utilities */,
				A4DB700D276B5B5E00C8FC62 /* DispatchCenter */,
				A41164A527682E3C00690C54 /* Resources */,
				A4DB6FBF276AE52F00C8FC62 /* Supporting Files */,
			);
			path = WeChat;
			sourceTree = "<group>";
		};
		A411649E27682D3F00690C54 /* Application */ = {
			isa = PBXGroup;
			children = (
				A411648A2767456300690C54 /* AppDelegate.swift */,
				A40ADC4827697F4E00E2ECA7 /* Application.swift */,
				A439E30F2774D39200F9C7A3 /* Navigator.swift */,
				A43B3B662769A9680025B150 /* main.swift */,
			);
			path = Application;
			sourceTree = "<group>";
		};
		A411649F27682D4500690C54 /* Main */ = {
			isa = PBXGroup;
			children = (
				A41659C9276898C100F8AAB6 /* MainTabBarController.swift */,
				A439E3112774D4B700F9C7A3 /* MainTabBarViewModel.swift */,
			);
			path = Main;
			sourceTree = "<group>";
		};
		A41164A527682E3C00690C54 /* Resources */ = {
			isa = PBXGroup;
			children = (
				A4806F0A2776FDDD0052E5BE /* SVG.bundle */,
				A48066962776FC770052E5BE /* Expression.bundle */,
				A41164932767456500690C54 /* Assets.xcassets */,
			);
			path = Resources;
			sourceTree = "<group>";
		};
		A41164AD276835FA00690C54 /* Reachability */ = {
			isa = PBXGroup;
			children = (
				A41164A9276835CB00690C54 /* ObservableType+Reachability.swift */,
				A41164AB276835EC00690C54 /* Reachability+Rx.swift */,
			);
			path = Reachability;
			sourceTree = "<group>";
		};
		A41659A927688AD700F8AAB6 /* Texture+Rx */ = {
			isa = PBXGroup;
			children = (
				A41659AA27688AE600F8AAB6 /* ASBinder.swift */,
				A41659AC27688B0400F8AAB6 /* ASButtonNode+Rx.swift */,
				A41659AE27688B1A00F8AAB6 /* ASControlNode+Rx.swift */,
				A41659B027688B4700F8AAB6 /* ASControlTarget.swift */,
				A41659B227688B6400F8AAB6 /* ASDisplayNode+Rx.swift */,
				A41659B427688B7F00F8AAB6 /* ASEditableTextNode+Rx.swift */,
				A41659B627688B9C00F8AAB6 /* ASImageNode+Rx.swift */,
				A41659B827688BB800F8AAB6 /* ASNetworkImageNode+Rx.swift */,
				A41659BA27688BD400F8AAB6 /* ASTextNode+Rx.swift */,
				A41659BC27688BF100F8AAB6 /* ASTextNode2+Rx.swift */,
				A41659BE27688C1700F8AAB6 /* Driver+ASSubscription.swift */,
				A41659C027688C3B00F8AAB6 /* RxASEditableTextNodeDelegateProxy.swift */,
			);
			path = "Texture+Rx";
			sourceTree = "<group>";
		};
		A428FAC82774C16000944E74 /* Modules */ = {
			isa = PBXGroup;
			children = (
				A40ADD5E27698B3000E2ECA7 /* ChatSession */,
				A40ADCAA276989F500E2ECA7 /* ChatRoom */,
				A40ADC74276989C100E2ECA7 /* Contacts */,
				A40ADC86276989DD00E2ECA7 /* Discover */,
				A40ADC98276989E900E2ECA7 /* Me */,
				A40ADCBC27698A2B00E2ECA7 /* Account */,
				A40ADD2827698AC900E2ECA7 /* Storage */,
				A40ADD4C27698B1900E2ECA7 /* Emoticon */,
				A43B3B5A2769A8D40025B150 /* Logger */,
				A43B3B752769BE8E0025B150 /* Search */,
				A43B3B942769C4900025B150 /* Model */,
				A4DB7001276B3BD300C8FC62 /* Resource */,
				A40ADCCE27698A4900E2ECA7 /* Context */,
			);
			path = Modules;
			sourceTree = "<group>";
		};
		A428FADC2774C31F00944E74 /* Database */ = {
			isa = PBXGroup;
			children = (
			);
			path = Database;
			sourceTree = "<group>";
		};
		A428FADD2774C32800944E74 /* Cache */ = {
			isa = PBXGroup;
			children = (
			);
			path = Cache;
			sourceTree = "<group>";
		};
		A43B1DC02768658E002456EC /* Moya-ObjectMapper */ = {
			isa = PBXGroup;
			children = (
				A43B1DC1276865B7002456EC /* Response+ObjectMapper.swift */,
				A43B1DC32768661D002456EC /* Single+ObjectMapper.swift */,
				A43B1DC527686635002456EC /* ObservableType+ObjectMapper.swift */,
			);
			path = "Moya-ObjectMapper";
			sourceTree = "<group>";
		};
		A43B1DC727686744002456EC /* DisposeBag */ = {
			isa = PBXGroup;
			children = (
				A43B1DC827686756002456EC /* NSObject+Rx.swift */,
				A43B1DCA27686779002456EC /* HasDisposeBag.swift */,
			);
			path = DisposeBag;
			sourceTree = "<group>";
		};
		A43B3B4327699EA30025B150 /* Router */ = {
			isa = PBXGroup;
			children = (
				A43B3B812769BF570025B150 /* Pieces */,
				A43B1DCC276868E6002456EC /* Tenon.swift */,
				A43B3B3727699DFD0025B150 /* Router.swift */,
				A43B3B5027699F6B0025B150 /* RouterTenon.swift */,
				A43B3B3927699E2F0025B150 /* Dispatcher.swift */,
				A43B3B5227699FA20025B150 /* Module.swift */,
				A43B3B682769AAC40025B150 /* URLPattern.swift */,
			);
			path = Router;
			sourceTree = "<group>";
		};
		A43B3B5A2769A8D40025B150 /* Logger */ = {
			isa = PBXGroup;
			children = (
				A428FAE02774C36000944E74 /* Logger.swift */,
			);
			path = Logger;
			sourceTree = "<group>";
		};
		A43B3B752769BE8E0025B150 /* Search */ = {
			isa = PBXGroup;
			children = (
				A428FAE22774C37300944E74 /* SearchViewController.swift */,
			);
			path = Search;
			sourceTree = "<group>";
		};
		A43B3B812769BF570025B150 /* Pieces */ = {
			isa = PBXGroup;
			children = (
				A43B3B842769BFA70025B150 /* ChatSessionPiece.swift */,
				A43B3B822769BF9F0025B150 /* ChatRoomPiece.swift */,
				A43B3B8A2769BFCC0025B150 /* ContactsPiece.swift */,
				A43B3B6D2769ABA60025B150 /* DiscoverPiece.swift */,
				A43B3B882769BFC00025B150 /* MePiece.swift */,
				A43B3B862769BFB60025B150 /* AccountPiece.swift */,
				A43B3B8C2769BFD90025B150 /* SearchPiece.swift */,
			);
			path = Pieces;
			sourceTree = "<group>";
		};
		A43B3B942769C4900025B150 /* Model */ = {
			isa = PBXGroup;
			children = (
				A43B1DC02768658E002456EC /* Moya-ObjectMapper */,
				A43B3BA12769C49E0025B150 /* ChatSession.swift */,
			);
			path = Model;
			sourceTree = "<group>";
		};
		A43B3BA32769C9A00025B150 /* Window */ = {
			isa = PBXGroup;
			children = (
				A43B3BA42769C9AA0025B150 /* WeChatWindow.swift */,
			);
			path = Window;
			sourceTree = "<group>";
		};
		A4DB6FBF276AE52F00C8FC62 /* Supporting Files */ = {
			isa = PBXGroup;
			children = (
				A4C49FF127771A5F00CCDFA0 /* Launch Screen.storyboard */,
			);
			path = "Supporting Files";
			sourceTree = "<group>";
		};
		A4DB6FCB276AE70A00C8FC62 /* Networking */ = {
			isa = PBXGroup;
			children = (
				A41164AD276835FA00690C54 /* Reachability */,
				A439E3052774D1BD00F9C7A3 /* WeChatProvider.swift */,
				A439E3092774D25B00F9C7A3 /* NetworkError.swift */,
				A439E30B2774D30600F9C7A3 /* ErrorTracker.swift */,
			);
			path = Networking;
			sourceTree = "<group>";
		};
		A4DB6FE2276AE78200C8FC62 /* Component */ = {
			isa = PBXGroup;
			children = (
				A41659A927688AD700F8AAB6 /* Texture+Rx */,
				A43B3BA32769C9A00025B150 /* Window */,
			);
			path = Component;
			sourceTree = "<group>";
		};
		A4DB7001276B3BD300C8FC62 /* Resource */ = {
			isa = PBXGroup;
			children = (
				A428FAE82774C44900944E74 /* AssetManager.swift */,
			);
			path = Resource;
			sourceTree = "<group>";
		};
		A4DB700D276B5B5E00C8FC62 /* DispatchCenter */ = {
			isa = PBXGroup;
			children = (
				A4DB700E276B5B7900C8FC62 /* RouterDispatcher.swift */,
				A4DB7010276B5C0000C8FC62 /* RouterDispatchType.swift */,
			);
			path = DispatchCenter;
			sourceTree = "<group>";
		};
		A4DB7013276B5D9200C8FC62 /* Extensions */ = {
			isa = PBXGroup;
			children = (
				A4DB7014276B5D9D00C8FC62 /* String+Extensions.swift */,
				A428FAF92774CFB400944E74 /* CaseIterable+Extensions.swift */,
				A439E30D2774D34500F9C7A3 /* Observable+Operators.swift */,
				A472E23D2776C7C3007315AB /* UIViewController+Rx.swift */,
				A4C49FEB27770E3500CCDFA0 /* UIImage+SVG.swift */,
				A4C49FED27770F4500CCDFA0 /* SVGImage+Extensions.swift */,
			);
			path = Extensions;
			sourceTree = "<group>";
		};
		BC3AE1B7E9A2A81670B4CB8A /* Pods */ = {
			isa = PBXGroup;
			children = (
				976E79004B4A14C5805D39C8 /* Pods-WeChat.debug.xcconfig */,
				79102E13166DCD8036ACD57B /* Pods-WeChat.release.xcconfig */,
				1230D8F364706AF0968BE846 /* Pods-Account.debug.xcconfig */,
				0F400208B1815A0839128C19 /* Pods-Account.release.xcconfig */,
				F84DE33FD62E162568EF2407 /* Pods-ChatRoom.debug.xcconfig */,
				4E5E26DFADB931DE655D89B9 /* Pods-ChatRoom.release.xcconfig */,
				7615CDC43A97E4EBB5684983 /* Pods-ChatSession.debug.xcconfig */,
				228D76D81BAEB4CAFFBAC3BA /* Pods-ChatSession.release.xcconfig */,
				228A671AC7FD12F0639EC6EC /* Pods-Common.debug.xcconfig */,
				11DD32A7F641FC92ACDD544A /* Pods-Common.release.xcconfig */,
				B18B3BC61A67C186F14EB969 /* Pods-Components.debug.xcconfig */,
				542A8EA97C9D949078550757 /* Pods-Components.release.xcconfig */,
				89DD084B4223C32C04E6EA8C /* Pods-Contact.debug.xcconfig */,
				3A0D5BC978C851086D119321 /* Pods-Contact.release.xcconfig */,
				863951CE8062E7884988F02A /* Pods-Context.debug.xcconfig */,
				5F212861DCB47C58EFE7A58D /* Pods-Context.release.xcconfig */,
				EB76234F2C77310591E23DD0 /* Pods-Database.debug.xcconfig */,
				B29E8396093434707C91953D /* Pods-Database.release.xcconfig */,
				2F310FB497C38F406A4207CE /* Pods-Discovery.debug.xcconfig */,
				BFE9079BB39CCA4D597C2AC0 /* Pods-Discovery.release.xcconfig */,
				D64AF293C8AFADBCB4BF69CC /* Pods-Domain.debug.xcconfig */,
				4B969BB5706C5DD1715D355B /* Pods-Domain.release.xcconfig */,
				39B88A6C39317666B420B238 /* Pods-Emoticon.debug.xcconfig */,
				10D61431515CFB5BF58823EB /* Pods-Emoticon.release.xcconfig */,
				D07386E488E8D6C2318C3FD1 /* Pods-Network.debug.xcconfig */,
				363C9FD55C76A833A16A063F /* Pods-Network.release.xcconfig */,
				1C402A420C77C2339220F66F /* Pods-Profile.debug.xcconfig */,
				39B625CB14984A1B54A15595 /* Pods-Profile.release.xcconfig */,
				D7E60E71D56AF0475F54158F /* Pods-Utilities.debug.xcconfig */,
				9D2F495B4BE56ABD75CDBBEC /* Pods-Utilities.release.xcconfig */,
				D4DF1ABDF51379042639BCD4 /* Pods-Logger.debug.xcconfig */,
				3885BA89B025B3094A0BE41D /* Pods-Logger.release.xcconfig */,
				76E2191C0825AF6CC108C6BD /* Pods-Model.debug.xcconfig */,
				D20883238A1A462F14C143B5 /* Pods-Model.release.xcconfig */,
				93CE8D0D06AB586AA8745A04 /* Pods-Search.debug.xcconfig */,
				A217F52B51F17B722F61A8DE /* Pods-Search.release.xcconfig */,
				BD6270123131C2310B297824 /* Pods-Networking.debug.xcconfig */,
				F23E36989E4FFF5A6F643851 /* Pods-Networking.release.xcconfig */,
				F885B365CD8E7498DAC4F6C2 /* Pods-Component.debug.xcconfig */,
				BC293FFFE94E440CC7B13549 /* Pods-Component.release.xcconfig */,
				A46A37F9F9BF57B927E38909 /* Pods-Resource.debug.xcconfig */,
				3AA5CCBCB4C0096D9C8D3E02 /* Pods-Resource.release.xcconfig */,
			);
			path = Pods;
			sourceTree = "<group>";
		};
/* End PBXGroup section */

/* Begin PBXNativeTarget section */
		A41164862767456300690C54 /* WeChat */ = {
			isa = PBXNativeTarget;
			buildConfigurationList = A411649B2767456500690C54 /* Build configuration list for PBXNativeTarget "WeChat" */;
			buildPhases = (
				CA3A1A5200EE29BA17A464AC /* [CP] Check Pods Manifest.lock */,
				A41164832767456300690C54 /* Sources */,
				A41164842767456300690C54 /* Frameworks */,
				A41164852767456300690C54 /* Resources */,
				860BACF3EB3CCE02AC93B3D7 /* [CP] Embed Pods Frameworks */,
				A41659C227688CEB00F8AAB6 /* SwiftLint */,
				A4A34B6F276A005D0063DAC2 /* Embed Frameworks */,
			);
			buildRules = (
			);
			dependencies = (
			);
			name = WeChat;
			productName = WeChat;
			productReference = A41164872767456300690C54 /* WeChat.app */;
			productType = "com.apple.product-type.application";
		};
/* End PBXNativeTarget section */

/* Begin PBXProject section */
		A411647F2767456300690C54 /* Project object */ = {
			isa = PBXProject;
			attributes = {
				BuildIndependentTargetsInParallel = 1;
				LastSwiftUpdateCheck = 1310;
				LastUpgradeCheck = 1310;
				ORGANIZATIONNAME = TheBoring;
				TargetAttributes = {
					A41164862767456300690C54 = {
						CreatedOnToolsVersion = 13.1;
					};
				};
			};
			buildConfigurationList = A41164822767456300690C54 /* Build configuration list for PBXProject "WeChat" */;
			compatibilityVersion = "Xcode 13.0";
			developmentRegion = en;
			hasScannedForEncodings = 0;
			knownRegions = (
				en,
				Base,
			);
			mainGroup = A411647E2767456300690C54;
			productRefGroup = A41164882767456300690C54 /* Products */;
			projectDirPath = "";
			projectRoot = "";
			targets = (
				A41164862767456300690C54 /* WeChat */,
			);
		};
/* End PBXProject section */

/* Begin PBXResourcesBuildPhase section */
		A41164852767456300690C54 /* Resources */ = {
			isa = PBXResourcesBuildPhase;
			buildActionMask = 2147483647;
			files = (
				A41164942767456500690C54 /* Assets.xcassets in Resources */,
				A4806F0B2776FDDD0052E5BE /* SVG.bundle in Resources */,
				A4C49FF227771A5F00CCDFA0 /* Launch Screen.storyboard in Resources */,
				A48066972776FC770052E5BE /* Expression.bundle in Resources */,
			);
			runOnlyForDeploymentPostprocessing = 0;
		};
/* End PBXResourcesBuildPhase section */

/* Begin PBXShellScriptBuildPhase section */
		860BACF3EB3CCE02AC93B3D7 /* [CP] Embed Pods Frameworks */ = {
			isa = PBXShellScriptBuildPhase;
			buildActionMask = 2147483647;
			files = (
			);
			inputFileListPaths = (
				"${PODS_ROOT}/Target Support Files/Pods-WeChat/Pods-WeChat-frameworks-${CONFIGURATION}-input-files.xcfilelist",
			);
			name = "[CP] Embed Pods Frameworks";
			outputFileListPaths = (
				"${PODS_ROOT}/Target Support Files/Pods-WeChat/Pods-WeChat-frameworks-${CONFIGURATION}-output-files.xcfilelist",
			);
			runOnlyForDeploymentPostprocessing = 0;
			shellPath = /bin/sh;
			shellScript = "\"${PODS_ROOT}/Target Support Files/Pods-WeChat/Pods-WeChat-frameworks.sh\"\n";
			showEnvVarsInLog = 0;
		};
		A41659C227688CEB00F8AAB6 /* SwiftLint */ = {
			isa = PBXShellScriptBuildPhase;
			buildActionMask = 2147483647;
			files = (
			);
			inputFileListPaths = (
			);
			inputPaths = (
			);
			name = SwiftLint;
			outputFileListPaths = (
			);
			outputPaths = (
			);
			runOnlyForDeploymentPostprocessing = 0;
			shellPath = /bin/sh;
			shellScript = "\"${PODS_ROOT}/SwiftLint/swiftlint\"\n";
		};
		CA3A1A5200EE29BA17A464AC /* [CP] Check Pods Manifest.lock */ = {
			isa = PBXShellScriptBuildPhase;
			buildActionMask = 2147483647;
			files = (
			);
			inputFileListPaths = (
			);
			inputPaths = (
				"${PODS_PODFILE_DIR_PATH}/Podfile.lock",
				"${PODS_ROOT}/Manifest.lock",
			);
			name = "[CP] Check Pods Manifest.lock";
			outputFileListPaths = (
			);
			outputPaths = (
				"$(DERIVED_FILE_DIR)/Pods-WeChat-checkManifestLockResult.txt",
			);
			runOnlyForDeploymentPostprocessing = 0;
			shellPath = /bin/sh;
			shellScript = "diff \"${PODS_PODFILE_DIR_PATH}/Podfile.lock\" \"${PODS_ROOT}/Manifest.lock\" > /dev/null\nif [ $? != 0 ] ; then\n    # print error to STDERR\n    echo \"error: The sandbox is not in sync with the Podfile.lock. Run 'pod install' or update your CocoaPods installation.\" >&2\n    exit 1\nfi\n# This output is used by Xcode 'outputs' to avoid re-running this script phase.\necho \"SUCCESS\" > \"${SCRIPT_OUTPUT_FILE_0}\"\n";
			showEnvVarsInLog = 0;
		};
/* End PBXShellScriptBuildPhase section */

/* Begin PBXSourcesBuildPhase section */
		A41164832767456300690C54 /* Sources */ = {
			isa = PBXSourcesBuildPhase;
			buildActionMask = 2147483647;
			files = (
				A428FAD92774C2F500944E74 /* ViewModelType.swift in Sources */,
				A472E2482776C84D007315AB /* MeViewModel.swift in Sources */,
				A428FAE62774C43200944E74 /* Single+ObjectMapper.swift in Sources */,
				A41659CA276898C100F8AAB6 /* MainTabBarController.swift in Sources */,
				A4C49FEC27770E3500CCDFA0 /* UIImage+SVG.swift in Sources */,
				A428FAE72774C43500944E74 /* ObservableType+ObjectMapper.swift in Sources */,
				A428FAD72774C2CB00944E74 /* WeChatCompatible.swift in Sources */,
				A428FAE52774C43000944E74 /* Response+ObjectMapper.swift in Sources */,
				A472E23E2776C7C3007315AB /* UIViewController+Rx.swift in Sources */,
				A428FAE32774C37300944E74 /* SearchViewController.swift in Sources */,
				A428FAD02774C26C00944E74 /* WeChatWindow.swift in Sources */,
				A428FAF32774C94D00944E74 /* ChatRoomPiece.swift in Sources */,
				A428FAE92774C44900944E74 /* AssetManager.swift in Sources */,
				A428FAF02774C94300944E74 /* Module.swift in Sources */,
				A428FAFA2774CFB400944E74 /* CaseIterable+Extensions.swift in Sources */,
				A428FAF42774C94F00944E74 /* ContactsPiece.swift in Sources */,
				A428FAF52774C95100944E74 /* DiscoverPiece.swift in Sources */,
				A472E2442776C83C007315AB /* ContactsViewModel.swift in Sources */,
				A428FAF72774C95700944E74 /* AccountPiece.swift in Sources */,
				A428FACC2774C23200944E74 /* DiscoverViewController.swift in Sources */,
				A472E2402776C82C007315AB /* ChatSessionViewModel.swift in Sources */,
				A4C49FF02777123D00CCDFA0 /* Colors.swift in Sources */,
				A439E3082774D21A00F9C7A3 /* ActivityIndicator.swift in Sources */,
				A428FAEF2774C94000944E74 /* Dispatcher.swift in Sources */,
				A411648B2767456300690C54 /* AppDelegate.swift in Sources */,
				A428FAF62774C95500944E74 /* MePiece.swift in Sources */,
				A439E3122774D4B700F9C7A3 /* MainTabBarViewModel.swift in Sources */,
				A439E30A2774D25B00F9C7A3 /* NetworkError.swift in Sources */,
				A428FAD32774C2C100944E74 /* String+Extensions.swift in Sources */,
				A428FACA2774C22A00944E74 /* AccountViewController.swift in Sources */,
				A4DB700F276B5B7900C8FC62 /* RouterDispatcher.swift in Sources */,
				A439E3042774D17A00F9C7A3 /* ViewModel.swift in Sources */,
				A428FAE12774C36000944E74 /* Logger.swift in Sources */,
				A428FAF82774C95900944E74 /* SearchPiece.swift in Sources */,
				A428FAD62774C2C900944E74 /* Then.swift in Sources */,
				A4C49FEE27770F4500CCDFA0 /* SVGImage+Extensions.swift in Sources */,
				A428FAEB2774C53B00944E74 /* ApplicationContext.swift in Sources */,
				A439E3102774D39200F9C7A3 /* Navigator.swift in Sources */,
				A428FAF22774C94900944E74 /* ChatSessionPiece.swift in Sources */,
				A428FAED2774C93B00944E74 /* Router.swift in Sources */,
				A439E30C2774D30600F9C7A3 /* ErrorTracker.swift in Sources */,
				A40ADC4927697F4E00E2ECA7 /* Application.swift in Sources */,
				A4DB7011276B5C0000C8FC62 /* RouterDispatchType.swift in Sources */,
				A428FACB2774C22F00944E74 /* MeViewController.swift in Sources */,
				A428FAD12774C2A500944E74 /* ObservableType+Reachability.swift in Sources */,
				A428FADB2774C2F900944E74 /* DispatchResult.swift in Sources */,
				A428FAEC2774C93800944E74 /* Tenon.swift in Sources */,
				A439E30E2774D34500F9C7A3 /* Observable+Operators.swift in Sources */,
				A43B3B672769A9680025B150 /* main.swift in Sources */,
				A472E24A2776C854007315AB /* AccountViewModel.swift in Sources */,
				A428FAEE2774C93E00944E74 /* RouterTenon.swift in Sources */,
				A428FADA2774C2F700944E74 /* NavigationController.swift in Sources */,
				A428FACF2774C23900944E74 /* ChatSessionViewController.swift in Sources */,
				A428FAD42774C2C500944E74 /* NSObject+Rx.swift in Sources */,
				A428FACD2774C23400944E74 /* ContactsViewController.swift in Sources */,
				A428FADF2774C33E00944E74 /* EmoticonViewController.swift in Sources */,
				A428FAF12774C94600944E74 /* URLPattern.swift in Sources */,
				A428FAD52774C2C700944E74 /* HasDisposeBag.swift in Sources */,
				A428FAE42774C42C00944E74 /* ChatSession.swift in Sources */,
				A428FAD82774C2F300944E74 /* ViewController.swift in Sources */,
				A472E2462776C844007315AB /* DiscoverViewModel.swift in Sources */,
				A428FAD22774C2A700944E74 /* Reachability+Rx.swift in Sources */,
				A472E2422776C835007315AB /* ChatRoomViewModel.swift in Sources */,
				A439E3062774D1BD00F9C7A3 /* WeChatProvider.swift in Sources */,
				A428FACE2774C23700944E74 /* ChatRoomViewController.swift in Sources */,
			);
			runOnlyForDeploymentPostprocessing = 0;
		};
/* End PBXSourcesBuildPhase section */

/* Begin XCBuildConfiguration section */
		A41164992767456500690C54 /* Debug */ = {
			isa = XCBuildConfiguration;
			buildSettings = {
				ALWAYS_SEARCH_USER_PATHS = NO;
				CLANG_ANALYZER_NONNULL = YES;
				CLANG_ANALYZER_NUMBER_OBJECT_CONVERSION = YES_AGGRESSIVE;
				CLANG_CXX_LANGUAGE_STANDARD = "gnu++17";
				CLANG_CXX_LIBRARY = "libc++";
				CLANG_ENABLE_MODULES = YES;
				CLANG_ENABLE_OBJC_ARC = YES;
				CLANG_ENABLE_OBJC_WEAK = YES;
				CLANG_WARN_BLOCK_CAPTURE_AUTORELEASING = YES;
				CLANG_WARN_BOOL_CONVERSION = YES;
				CLANG_WARN_COMMA = YES;
				CLANG_WARN_CONSTANT_CONVERSION = YES;
				CLANG_WARN_DEPRECATED_OBJC_IMPLEMENTATIONS = YES;
				CLANG_WARN_DIRECT_OBJC_ISA_USAGE = YES_ERROR;
				CLANG_WARN_DOCUMENTATION_COMMENTS = YES;
				CLANG_WARN_EMPTY_BODY = YES;
				CLANG_WARN_ENUM_CONVERSION = YES;
				CLANG_WARN_INFINITE_RECURSION = YES;
				CLANG_WARN_INT_CONVERSION = YES;
				CLANG_WARN_NON_LITERAL_NULL_CONVERSION = YES;
				CLANG_WARN_OBJC_IMPLICIT_RETAIN_SELF = YES;
				CLANG_WARN_OBJC_LITERAL_CONVERSION = YES;
				CLANG_WARN_OBJC_ROOT_CLASS = YES_ERROR;
				CLANG_WARN_QUOTED_INCLUDE_IN_FRAMEWORK_HEADER = YES;
				CLANG_WARN_RANGE_LOOP_ANALYSIS = YES;
				CLANG_WARN_STRICT_PROTOTYPES = YES;
				CLANG_WARN_SUSPICIOUS_MOVE = YES;
				CLANG_WARN_UNGUARDED_AVAILABILITY = YES_AGGRESSIVE;
				CLANG_WARN_UNREACHABLE_CODE = YES;
				CLANG_WARN__DUPLICATE_METHOD_MATCH = YES;
				COPY_PHASE_STRIP = NO;
				DEBUG_INFORMATION_FORMAT = dwarf;
				ENABLE_STRICT_OBJC_MSGSEND = YES;
				ENABLE_TESTABILITY = YES;
				GCC_C_LANGUAGE_STANDARD = gnu11;
				GCC_DYNAMIC_NO_PIC = NO;
				GCC_NO_COMMON_BLOCKS = YES;
				GCC_OPTIMIZATION_LEVEL = 0;
				GCC_PREPROCESSOR_DEFINITIONS = (
					"DEBUG=1",
					"$(inherited)",
				);
				GCC_WARN_64_TO_32_BIT_CONVERSION = YES;
				GCC_WARN_ABOUT_RETURN_TYPE = YES_ERROR;
				GCC_WARN_UNDECLARED_SELECTOR = YES;
				GCC_WARN_UNINITIALIZED_AUTOS = YES_AGGRESSIVE;
				GCC_WARN_UNUSED_FUNCTION = YES;
				GCC_WARN_UNUSED_VARIABLE = YES;
				IPHONEOS_DEPLOYMENT_TARGET = 13.0;
				MTL_ENABLE_DEBUG_INFO = INCLUDE_SOURCE;
				MTL_FAST_MATH = YES;
				ONLY_ACTIVE_ARCH = YES;
				SDKROOT = iphoneos;
				SWIFT_ACTIVE_COMPILATION_CONDITIONS = DEBUG;
				SWIFT_OPTIMIZATION_LEVEL = "-Onone";
			};
			name = Debug;
		};
		A411649A2767456500690C54 /* Release */ = {
			isa = XCBuildConfiguration;
			buildSettings = {
				ALWAYS_SEARCH_USER_PATHS = NO;
				CLANG_ANALYZER_NONNULL = YES;
				CLANG_ANALYZER_NUMBER_OBJECT_CONVERSION = YES_AGGRESSIVE;
				CLANG_CXX_LANGUAGE_STANDARD = "gnu++17";
				CLANG_CXX_LIBRARY = "libc++";
				CLANG_ENABLE_MODULES = YES;
				CLANG_ENABLE_OBJC_ARC = YES;
				CLANG_ENABLE_OBJC_WEAK = YES;
				CLANG_WARN_BLOCK_CAPTURE_AUTORELEASING = YES;
				CLANG_WARN_BOOL_CONVERSION = YES;
				CLANG_WARN_COMMA = YES;
				CLANG_WARN_CONSTANT_CONVERSION = YES;
				CLANG_WARN_DEPRECATED_OBJC_IMPLEMENTATIONS = YES;
				CLANG_WARN_DIRECT_OBJC_ISA_USAGE = YES_ERROR;
				CLANG_WARN_DOCUMENTATION_COMMENTS = YES;
				CLANG_WARN_EMPTY_BODY = YES;
				CLANG_WARN_ENUM_CONVERSION = YES;
				CLANG_WARN_INFINITE_RECURSION = YES;
				CLANG_WARN_INT_CONVERSION = YES;
				CLANG_WARN_NON_LITERAL_NULL_CONVERSION = YES;
				CLANG_WARN_OBJC_IMPLICIT_RETAIN_SELF = YES;
				CLANG_WARN_OBJC_LITERAL_CONVERSION = YES;
				CLANG_WARN_OBJC_ROOT_CLASS = YES_ERROR;
				CLANG_WARN_QUOTED_INCLUDE_IN_FRAMEWORK_HEADER = YES;
				CLANG_WARN_RANGE_LOOP_ANALYSIS = YES;
				CLANG_WARN_STRICT_PROTOTYPES = YES;
				CLANG_WARN_SUSPICIOUS_MOVE = YES;
				CLANG_WARN_UNGUARDED_AVAILABILITY = YES_AGGRESSIVE;
				CLANG_WARN_UNREACHABLE_CODE = YES;
				CLANG_WARN__DUPLICATE_METHOD_MATCH = YES;
				COPY_PHASE_STRIP = NO;
				DEBUG_INFORMATION_FORMAT = "dwarf-with-dsym";
				ENABLE_NS_ASSERTIONS = NO;
				ENABLE_STRICT_OBJC_MSGSEND = YES;
				GCC_C_LANGUAGE_STANDARD = gnu11;
				GCC_NO_COMMON_BLOCKS = YES;
				GCC_WARN_64_TO_32_BIT_CONVERSION = YES;
				GCC_WARN_ABOUT_RETURN_TYPE = YES_ERROR;
				GCC_WARN_UNDECLARED_SELECTOR = YES;
				GCC_WARN_UNINITIALIZED_AUTOS = YES_AGGRESSIVE;
				GCC_WARN_UNUSED_FUNCTION = YES;
				GCC_WARN_UNUSED_VARIABLE = YES;
				IPHONEOS_DEPLOYMENT_TARGET = 13.0;
				MTL_ENABLE_DEBUG_INFO = NO;
				MTL_FAST_MATH = YES;
				SDKROOT = iphoneos;
				SWIFT_COMPILATION_MODE = wholemodule;
				SWIFT_OPTIMIZATION_LEVEL = "-O";
				VALIDATE_PRODUCT = YES;
			};
			name = Release;
		};
		A411649C2767456500690C54 /* Debug */ = {
			isa = XCBuildConfiguration;
			baseConfigurationReference = 976E79004B4A14C5805D39C8 /* Pods-WeChat.debug.xcconfig */;
			buildSettings = {
				ALWAYS_EMBED_SWIFT_STANDARD_LIBRARIES = YES;
				ASSETCATALOG_COMPILER_APPICON_NAME = AppIcon;
				ASSETCATALOG_COMPILER_GLOBAL_ACCENT_COLOR_NAME = AccentColor;
				CODE_SIGN_STYLE = Automatic;
				CURRENT_PROJECT_VERSION = 1;
				GENERATE_INFOPLIST_FILE = YES;
				INFOPLIST_KEY_UIApplicationSupportsIndirectInputEvents = YES;
				INFOPLIST_KEY_UILaunchStoryboardName = "Launch Screen";
				INFOPLIST_KEY_UISupportedInterfaceOrientations_iPad = "UIInterfaceOrientationPortrait UIInterfaceOrientationPortraitUpsideDown UIInterfaceOrientationLandscapeLeft UIInterfaceOrientationLandscapeRight";
				INFOPLIST_KEY_UISupportedInterfaceOrientations_iPhone = "UIInterfaceOrientationPortrait UIInterfaceOrientationLandscapeLeft UIInterfaceOrientationLandscapeRight";
				LD_RUNPATH_SEARCH_PATHS = (
					"$(inherited)",
					"@executable_path/Frameworks",
				);
				MARKETING_VERSION = 1.0;
				PRODUCT_BUNDLE_IDENTIFIER = com.sunimp.WeChat;
				PRODUCT_NAME = "$(TARGET_NAME)";
				SWIFT_EMIT_LOC_STRINGS = YES;
				SWIFT_VERSION = 5.0;
				TARGETED_DEVICE_FAMILY = "1,2";
			};
			name = Debug;
		};
		A411649D2767456500690C54 /* Release */ = {
			isa = XCBuildConfiguration;
			baseConfigurationReference = 79102E13166DCD8036ACD57B /* Pods-WeChat.release.xcconfig */;
			buildSettings = {
				ALWAYS_EMBED_SWIFT_STANDARD_LIBRARIES = YES;
				ASSETCATALOG_COMPILER_APPICON_NAME = AppIcon;
				ASSETCATALOG_COMPILER_GLOBAL_ACCENT_COLOR_NAME = AccentColor;
				CODE_SIGN_STYLE = Automatic;
				CURRENT_PROJECT_VERSION = 1;
				GENERATE_INFOPLIST_FILE = YES;
				INFOPLIST_KEY_UIApplicationSupportsIndirectInputEvents = YES;
				INFOPLIST_KEY_UILaunchStoryboardName = "Launch Screen";
				INFOPLIST_KEY_UISupportedInterfaceOrientations_iPad = "UIInterfaceOrientationPortrait UIInterfaceOrientationPortraitUpsideDown UIInterfaceOrientationLandscapeLeft UIInterfaceOrientationLandscapeRight";
				INFOPLIST_KEY_UISupportedInterfaceOrientations_iPhone = "UIInterfaceOrientationPortrait UIInterfaceOrientationLandscapeLeft UIInterfaceOrientationLandscapeRight";
				LD_RUNPATH_SEARCH_PATHS = (
					"$(inherited)",
					"@executable_path/Frameworks",
				);
				MARKETING_VERSION = 1.0;
				PRODUCT_BUNDLE_IDENTIFIER = com.sunimp.WeChat;
				PRODUCT_NAME = "$(TARGET_NAME)";
				SWIFT_EMIT_LOC_STRINGS = YES;
				SWIFT_VERSION = 5.0;
				TARGETED_DEVICE_FAMILY = "1,2";
			};
			name = Release;
		};
/* End XCBuildConfiguration section */

/* Begin XCConfigurationList section */
		A41164822767456300690C54 /* Build configuration list for PBXProject "WeChat" */ = {
			isa = XCConfigurationList;
			buildConfigurations = (
				A41164992767456500690C54 /* Debug */,
				A411649A2767456500690C54 /* Release */,
			);
			defaultConfigurationIsVisible = 0;
			defaultConfigurationName = Release;
		};
		A411649B2767456500690C54 /* Build configuration list for PBXNativeTarget "WeChat" */ = {
			isa = XCConfigurationList;
			buildConfigurations = (
				A411649C2767456500690C54 /* Debug */,
				A411649D2767456500690C54 /* Release */,
			);
			defaultConfigurationIsVisible = 0;
			defaultConfigurationName = Release;
		};
/* End XCConfigurationList section */
	};
	rootObject = A411647F2767456300690C54 /* Project object */;
}
